# This file was automatically generated by gh-aw. DO NOT EDIT.
# To update this file, edit the corresponding .md file and run:
#   gh aw compile
# For more information: https://github.com/githubnext/gh-aw/blob/main/.github/instructions/github-agentic-workflows.instructions.md

name: "Test Claude Safe Jobs"
on:
  workflow_dispatch: null

permissions: {}

concurrency:
  group: "gh-aw-${{ github.workflow }}"

run-name: "Test Claude Safe Jobs"

jobs:
  agent:
    runs-on: ubuntu-latest
    permissions: read-all
    steps:
      - name: Checkout repository
        uses: actions/checkout@v5
      - name: Setup Node.js
        uses: actions/setup-node@v4
        with:
          node-version: '24'
      - name: Install Codex
        run: npm install -g @openai/codex
      - name: Setup Safe Outputs Collector MCP
        run: |
          mkdir -p /tmp/safe-outputs
          cat > /tmp/safe-outputs/mcp-server.cjs << 'EOF'
            const fs = require("fs");
            const path = require("path");
            const crypto = require("crypto");
            const encoder = new TextEncoder();
            const configEnv = process.env.GITHUB_AW_SAFE_OUTPUTS_CONFIG;
            if (!configEnv) throw new Error("GITHUB_AW_SAFE_OUTPUTS_CONFIG not set");
            const safeOutputsConfigRaw = JSON.parse(configEnv); 
            const safeOutputsConfig = Object.fromEntries(Object.entries(safeOutputsConfigRaw).map(([k, v]) => [k.replace(/-/g, "_"), v]));
            const outputFile = process.env.GITHUB_AW_SAFE_OUTPUTS;
            if (!outputFile) throw new Error("GITHUB_AW_SAFE_OUTPUTS not set, no output file");
            const SERVER_INFO = { name: "safe-outputs-mcp-server", version: "1.0.0" };
            const debug = msg => process.stderr.write(`[${SERVER_INFO.name}] ${msg}\n`);
            function writeMessage(obj) {
              const json = JSON.stringify(obj);
              debug(`send: ${json}`);
              const message = json + "\n";
              const bytes = encoder.encode(message);
              fs.writeSync(1, bytes);
            }
            class ReadBuffer {
              append(chunk) {
                this._buffer = this._buffer ? Buffer.concat([this._buffer, chunk]) : chunk;
              }
              readMessage() {
                if (!this._buffer) {
                  return null;
                }
                const index = this._buffer.indexOf("\n");
                if (index === -1) {
                  return null;
                }
                const line = this._buffer.toString("utf8", 0, index).replace(/\r$/, "");
                this._buffer = this._buffer.subarray(index + 1);
                if (line.trim() === "") {
                  return this.readMessage(); 
                }
                try {
                  return JSON.parse(line);
                } catch (error) {
                  throw new Error(`Parse error: ${error instanceof Error ? error.message : String(error)}`);
                }
              }
            }
            const readBuffer = new ReadBuffer();
            function onData(chunk) {
              readBuffer.append(chunk);
              processReadBuffer();
            }
            function processReadBuffer() {
              while (true) {
                try {
                  const message = readBuffer.readMessage();
                  if (!message) {
                    break;
                  }
                  debug(`recv: ${JSON.stringify(message)}`);
                  handleMessage(message);
                } catch (error) {
                  debug(`Parse error: ${error instanceof Error ? error.message : String(error)}`);
                }
              }
            }
            function replyResult(id, result) {
              if (id === undefined || id === null) return; 
              const res = { jsonrpc: "2.0", id, result };
              writeMessage(res);
            }
            function replyError(id, code, message, data) {
              if (id === undefined || id === null) {
                debug(`Error for notification: ${message}`);
                return;
              }
              const error = { code, message };
              if (data !== undefined) {
                error.data = data;
              }
              const res = {
                jsonrpc: "2.0",
                id,
                error,
              };
              writeMessage(res);
            }
            function appendSafeOutput(entry) {
              if (!outputFile) throw new Error("No output file configured");
              entry.type = entry.type.replace(/_/g, "-");
              const jsonLine = JSON.stringify(entry) + "\n";
              try {
                fs.appendFileSync(outputFile, jsonLine);
              } catch (error) {
                throw new Error(`Failed to write to output file: ${error instanceof Error ? error.message : String(error)}`);
              }
            }
            const defaultHandler = type => args => {
              const entry = { ...(args || {}), type };
              appendSafeOutput(entry);
              return {
                content: [
                  {
                    type: "text",
                    text: `success`,
                  },
                ],
              };
            };
            const uploadAssetHandler = args => {
              const branchName = process.env.GITHUB_AW_ASSETS_BRANCH;
              if (!branchName) throw new Error("GITHUB_AW_ASSETS_BRANCH not set");
              const { path: filePath } = args;
              const absolutePath = path.resolve(filePath);
              const workspaceDir = process.env.GITHUB_WORKSPACE || process.cwd();
              const tmpDir = "/tmp";
              const isInWorkspace = absolutePath.startsWith(path.resolve(workspaceDir));
              const isInTmp = absolutePath.startsWith(tmpDir);
              if (!isInWorkspace && !isInTmp) {
                throw new Error(
                  `File path must be within workspace directory (${workspaceDir}) or /tmp directory. ` +
                    `Provided path: ${filePath} (resolved to: ${absolutePath})`
                );
              }
              if (!fs.existsSync(filePath)) {
                throw new Error(`File not found: ${filePath}`);
              }
              const stats = fs.statSync(filePath);
              const sizeBytes = stats.size;
              const sizeKB = Math.ceil(sizeBytes / 1024);
              const maxSizeKB = process.env.GITHUB_AW_ASSETS_MAX_SIZE_KB ? parseInt(process.env.GITHUB_AW_ASSETS_MAX_SIZE_KB, 10) : 10240; 
              if (sizeKB > maxSizeKB) {
                throw new Error(`File size ${sizeKB} KB exceeds maximum allowed size ${maxSizeKB} KB`);
              }
              const ext = path.extname(filePath).toLowerCase();
              const allowedExts = process.env.GITHUB_AW_ASSETS_ALLOWED_EXTS
                ? process.env.GITHUB_AW_ASSETS_ALLOWED_EXTS.split(",").map(ext => ext.trim())
                : [
                    ".png",
                    ".jpg",
                    ".jpeg",
                  ];
              if (!allowedExts.includes(ext)) {
                throw new Error(`File extension '${ext}' is not allowed. Allowed extensions: ${allowedExts.join(", ")}`);
              }
              const assetsDir = "/tmp/safe-outputs/assets";
              if (!fs.existsSync(assetsDir)) {
                fs.mkdirSync(assetsDir, { recursive: true });
              }
              const fileContent = fs.readFileSync(filePath);
              const sha = crypto.createHash("sha256").update(fileContent).digest("hex");
              const fileName = path.basename(filePath);
              const fileExt = path.extname(fileName).toLowerCase();
              const targetPath = path.join(assetsDir, fileName);
              fs.copyFileSync(filePath, targetPath);
              const targetFileName = (sha + fileExt).toLowerCase();
              const githubServer = process.env.GITHUB_SERVER_URL || "https://github.com";
              const repo = process.env.GITHUB_REPOSITORY || "owner/repo";
              const url = `${githubServer.replace("github.com", "raw.githubusercontent.com")}/${repo}/${branchName}/${targetFileName}`;
              const entry = {
                type: "upload_asset",
                path: filePath,
                fileName: fileName,
                sha: sha,
                size: sizeBytes,
                url: url,
                targetFileName: targetFileName,
              };
              appendSafeOutput(entry);
              return {
                content: [
                  {
                    type: "text",
                    text: url,
                  },
                ],
              };
            };
            const normTool = toolName => (toolName ? toolName.replace(/-/g, "_").toLowerCase() : undefined);
            const ALL_TOOLS = [
              {
                name: "create_issue",
                description: "Create a new GitHub issue",
                inputSchema: {
                  type: "object",
                  required: ["title", "body"],
                  properties: {
                    title: { type: "string", description: "Issue title" },
                    body: { type: "string", description: "Issue body/description" },
                    labels: {
                      type: "array",
                      items: { type: "string" },
                      description: "Issue labels",
                    },
                  },
                  additionalProperties: false,
                },
              },
              {
                name: "create_discussion",
                description: "Create a new GitHub discussion",
                inputSchema: {
                  type: "object",
                  required: ["title", "body"],
                  properties: {
                    title: { type: "string", description: "Discussion title" },
                    body: { type: "string", description: "Discussion body/content" },
                    category: { type: "string", description: "Discussion category" },
                  },
                  additionalProperties: false,
                },
              },
              {
                name: "add_comment",
                description: "Add a comment to a GitHub issue or pull request",
                inputSchema: {
                  type: "object",
                  required: ["body"],
                  properties: {
                    body: { type: "string", description: "Comment body/content" },
                    issue_number: {
                      type: "number",
                      description: "Issue or PR number (optional for current context)",
                    },
                  },
                  additionalProperties: false,
                },
              },
              {
                name: "create_pull_request",
                description: "Create a new GitHub pull request",
                inputSchema: {
                  type: "object",
                  required: ["title", "body", "branch"],
                  properties: {
                    title: { type: "string", description: "Pull request title" },
                    body: {
                      type: "string",
                      description: "Pull request body/description",
                    },
                    branch: {
                      type: "string",
                      description: "Required branch name",
                    },
                    labels: {
                      type: "array",
                      items: { type: "string" },
                      description: "Optional labels to add to the PR",
                    },
                  },
                  additionalProperties: false,
                },
              },
              {
                name: "create_pull_request_review_comment",
                description: "Create a review comment on a GitHub pull request",
                inputSchema: {
                  type: "object",
                  required: ["path", "line", "body"],
                  properties: {
                    path: {
                      type: "string",
                      description: "File path for the review comment",
                    },
                    line: {
                      type: ["number", "string"],
                      description: "Line number for the comment",
                    },
                    body: { type: "string", description: "Comment body content" },
                    start_line: {
                      type: ["number", "string"],
                      description: "Optional start line for multi-line comments",
                    },
                    side: {
                      type: "string",
                      enum: ["LEFT", "RIGHT"],
                      description: "Optional side of the diff: LEFT or RIGHT",
                    },
                  },
                  additionalProperties: false,
                },
              },
              {
                name: "create_code_scanning_alert",
                description: "Create a code scanning alert. severity MUST be one of 'error', 'warning', 'info', 'note'.",
                inputSchema: {
                  type: "object",
                  required: ["file", "line", "severity", "message"],
                  properties: {
                    file: {
                      type: "string",
                      description: "File path where the issue was found",
                    },
                    line: {
                      type: ["number", "string"],
                      description: "Line number where the issue was found",
                    },
                    severity: {
                      type: "string",
                      enum: ["error", "warning", "info", "note"],
                      description:
                        ' Security severity levels follow the industry-standard Common Vulnerability Scoring System (CVSS) that is also used for advisories in the GitHub Advisory Database and must be one of "error", "warning", "info", "note".',
                    },
                    message: {
                      type: "string",
                      description: "Alert message describing the issue",
                    },
                    column: {
                      type: ["number", "string"],
                      description: "Optional column number",
                    },
                    ruleIdSuffix: {
                      type: "string",
                      description: "Optional rule ID suffix for uniqueness",
                    },
                  },
                  additionalProperties: false,
                },
              },
              {
                name: "add_labels",
                description: "Add labels to a GitHub issue or pull request",
                inputSchema: {
                  type: "object",
                  required: ["labels"],
                  properties: {
                    labels: {
                      type: "array",
                      items: { type: "string" },
                      description: "Labels to add",
                    },
                    issue_number: {
                      type: "number",
                      description: "Issue or PR number (optional for current context)",
                    },
                  },
                  additionalProperties: false,
                },
              },
              {
                name: "update_issue",
                description: "Update a GitHub issue",
                inputSchema: {
                  type: "object",
                  properties: {
                    status: {
                      type: "string",
                      enum: ["open", "closed"],
                      description: "Optional new issue status",
                    },
                    title: { type: "string", description: "Optional new issue title" },
                    body: { type: "string", description: "Optional new issue body" },
                    issue_number: {
                      type: ["number", "string"],
                      description: "Optional issue number for target '*'",
                    },
                  },
                  additionalProperties: false,
                },
              },
              {
                name: "push_to_pull_request_branch",
                description: "Push changes to a pull request branch",
                inputSchema: {
                  type: "object",
                  required: ["branch", "message"],
                  properties: {
                    branch: {
                      type: "string",
                      description: "The name of the branch to push to, should be the branch name associated with the pull request",
                    },
                    message: { type: "string", description: "Commit message" },
                    pull_request_number: {
                      type: ["number", "string"],
                      description: "Optional pull request number for target '*'",
                    },
                  },
                  additionalProperties: false,
                },
              },
              {
                name: "upload_asset",
                description: "Publish a file as a URL-addressable asset to an orphaned git branch",
                inputSchema: {
                  type: "object",
                  required: ["path"],
                  properties: {
                    path: {
                      type: "string",
                      description:
                        "Path to the file to publish as an asset. Must be a file under the current workspace or /tmp directory. By default, images (.png, .jpg, .jpeg) are allowed, but can be configured via workflow settings.",
                    },
                  },
                  additionalProperties: false,
                },
                handler: uploadAssetHandler,
              },
              {
                name: "missing_tool",
                description: "Report a missing tool or functionality needed to complete tasks",
                inputSchema: {
                  type: "object",
                  required: ["tool", "reason"],
                  properties: {
                    tool: { type: "string", description: "Name of the missing tool" },
                    reason: { type: "string", description: "Why this tool is needed" },
                    alternatives: {
                      type: "string",
                      description: "Possible alternatives or workarounds",
                    },
                  },
                  additionalProperties: false,
                },
              },
            ];
            debug(`v${SERVER_INFO.version} ready on stdio`);
            debug(`  output file: ${outputFile}`);
            debug(`  config: ${JSON.stringify(safeOutputsConfig)}`);
            const TOOLS = {};
            ALL_TOOLS.forEach(tool => {
              if (Object.keys(safeOutputsConfig).find(config => normTool(config) === tool.name)) {
                TOOLS[tool.name] = tool;
              }
            });
            Object.keys(safeOutputsConfig).forEach(configKey => {
              const normalizedKey = normTool(configKey);
              if (TOOLS[normalizedKey]) {
                return;
              }
              if (!ALL_TOOLS.find(t => t.name === normalizedKey)) {
                const jobConfig = safeOutputsConfig[configKey];
                const dynamicTool = {
                  name: normalizedKey,
                  description: `Custom safe-job: ${configKey}`,
                  inputSchema: {
                    type: "object",
                    properties: {},
                    additionalProperties: true, 
                  },
                  handler: args => {
                    const entry = {
                      type: normalizedKey,
                      ...args,
                    };
                    const entryJSON = JSON.stringify(entry);
                    fs.appendFileSync(outputFile, entryJSON + "\n");
                    const outputText =
                      jobConfig && jobConfig.output
                        ? jobConfig.output
                        : `Safe-job '${configKey}' executed successfully with arguments: ${JSON.stringify(args)}`;
                    return {
                      content: [
                        {
                          type: "text",
                          text: outputText,
                        },
                      ],
                    };
                  },
                };
                if (jobConfig && jobConfig.inputs) {
                  dynamicTool.inputSchema.properties = {};
                  dynamicTool.inputSchema.required = [];
                  Object.keys(jobConfig.inputs).forEach(inputName => {
                    const inputDef = jobConfig.inputs[inputName];
                    const propSchema = {
                      type: inputDef.type || "string",
                      description: inputDef.description || `Input parameter: ${inputName}`,
                    };
                    if (inputDef.options && Array.isArray(inputDef.options)) {
                      propSchema.enum = inputDef.options;
                    }
                    dynamicTool.inputSchema.properties[inputName] = propSchema;
                    if (inputDef.required) {
                      dynamicTool.inputSchema.required.push(inputName);
                    }
                  });
                }
                TOOLS[normalizedKey] = dynamicTool;
              }
            });
            debug(`  tools: ${Object.keys(TOOLS).join(", ")}`);
            if (!Object.keys(TOOLS).length) throw new Error("No tools enabled in configuration");
            function handleMessage(req) {
              if (!req || typeof req !== "object") {
                debug(`Invalid message: not an object`);
                return;
              }
              if (req.jsonrpc !== "2.0") {
                debug(`Invalid message: missing or invalid jsonrpc field`);
                return;
              }
              const { id, method, params } = req;
              if (!method || typeof method !== "string") {
                replyError(id, -32600, "Invalid Request: method must be a string");
                return;
              }
              try {
                if (method === "initialize") {
                  const clientInfo = params?.clientInfo ?? {};
                  console.error(`client info:`, clientInfo);
                  const protocolVersion = params?.protocolVersion ?? undefined;
                  const result = {
                    serverInfo: SERVER_INFO,
                    ...(protocolVersion ? { protocolVersion } : {}),
                    capabilities: {
                      tools: {},
                    },
                  };
                  replyResult(id, result);
                } else if (method === "tools/list") {
                  const list = [];
                  Object.values(TOOLS).forEach(tool => {
                    list.push({
                      name: tool.name,
                      description: tool.description,
                      inputSchema: tool.inputSchema,
                    });
                  });
                  replyResult(id, { tools: list });
                } else if (method === "tools/call") {
                  const name = params?.name;
                  const args = params?.arguments ?? {};
                  if (!name || typeof name !== "string") {
                    replyError(id, -32602, "Invalid params: 'name' must be a string");
                    return;
                  }
                  const tool = TOOLS[normTool(name)];
                  if (!tool) {
                    replyError(id, -32601, `Tool not found: ${name} (${normTool(name)})`);
                    return;
                  }
                  const handler = tool.handler || defaultHandler(tool.name);
                  const requiredFields = tool.inputSchema && Array.isArray(tool.inputSchema.required) ? tool.inputSchema.required : [];
                  if (requiredFields.length) {
                    const missing = requiredFields.filter(f => {
                      const value = args[f];
                      return value === undefined || value === null || (typeof value === "string" && value.trim() === "");
                    });
                    if (missing.length) {
                      replyError(id, -32602, `Invalid arguments: missing or empty ${missing.map(m => `'${m}'`).join(", ")}`);
                      return;
                    }
                  }
                  const result = handler(args);
                  const content = result && result.content ? result.content : [];
                  replyResult(id, { content });
                } else if (/^notifications\//.test(method)) {
                  debug(`ignore ${method}`);
                } else {
                  replyError(id, -32601, `Method not found: ${method}`);
                }
              } catch (e) {
                replyError(id, -32603, "Internal error", {
                  message: e instanceof Error ? e.message : String(e),
                });
              }
            }
            process.stdin.on("data", onData);
            process.stdin.on("error", err => debug(`stdin error: ${err}`));
            process.stdin.resume();
            debug(`listening...`);
          EOF
          chmod +x /tmp/safe-outputs/mcp-server.cjs
          
      - name: Setup MCPs
        env:
          GITHUB_AW_SAFE_OUTPUTS: ${{ env.GITHUB_AW_SAFE_OUTPUTS }}
          GITHUB_AW_SAFE_OUTPUTS_CONFIG: "{\"print\":{\"inputs\":{\"message\":{\"description\":\"Message to print\",\"required\":true,\"type\":\"string\"}}}}"
        run: |
          mkdir -p /tmp/mcp-config
          cat > /tmp/mcp-config/config.toml << EOF
          [history]
          persistence = "none"
          
          [mcp_servers.github]
          user_agent = "test-claude-safe-jobs"
          command = "docker"
          args = [
            "run",
            "-i",
            "--rm",
            "-e",
            "GITHUB_PERSONAL_ACCESS_TOKEN",
            "ghcr.io/github/github-mcp-server:sha-09deac4"
          ]
          env = { "GITHUB_PERSONAL_ACCESS_TOKEN" = "${{ secrets.GITHUB_TOKEN }}" }
          EOF
      - name: Create prompt
        env:
          GITHUB_AW_PROMPT: /tmp/aw-prompts/prompt.txt
        run: |
          mkdir -p $(dirname "$GITHUB_AW_PROMPT")
          cat > $GITHUB_AW_PROMPT << 'EOF'
          Summarize and use print the message using the `print` tool.
          
          Lorem ipsum dolor sit amet, consectetur adipiscing elit. Sed do eiusmod tempor incididunt ut labore et dolore magna aliqua. Ut enim ad minim veniam, quis nostrud exercitation ullamco laboris nisi ut aliquip ex ea commodo consequat. Duis aute irure dolor in reprehenderit in voluptate velit esse cillum dolore eu fugiat nulla pariatur. Excepteur sint occaecat cupidatat non proident, sunt in culpa qui officia deserunt mollit anim id est laborum.
          
          EOF
      - name: Print prompt to step summary
        env:
          GITHUB_AW_PROMPT: /tmp/aw-prompts/prompt.txt
        run: |
          echo "## Generated Prompt" >> $GITHUB_STEP_SUMMARY
          echo "" >> $GITHUB_STEP_SUMMARY
          echo '``````markdown' >> $GITHUB_STEP_SUMMARY
          cat $GITHUB_AW_PROMPT >> $GITHUB_STEP_SUMMARY
          echo '``````' >> $GITHUB_STEP_SUMMARY
      - name: Generate agentic run info
        uses: actions/github-script@v8
        with:
          script: |
            const fs = require('fs');
            
            const awInfo = {
              engine_id: "codex",
              engine_name: "Codex",
              model: "",
              version: "",
              workflow_name: "Test Claude Safe Jobs",
              experimental: true,
              supports_tools_allowlist: true,
              supports_http_transport: false,
              run_id: context.runId,
              run_number: context.runNumber,
              run_attempt: process.env.GITHUB_RUN_ATTEMPT,
              repository: context.repo.owner + '/' + context.repo.repo,
              ref: context.ref,
              sha: context.sha,
              actor: context.actor,
              event_name: context.eventName,
              staged: false,
              created_at: new Date().toISOString()
            };
            
            // Write to /tmp directory to avoid inclusion in PR
            const tmpPath = '/tmp/aw_info.json';
            fs.writeFileSync(tmpPath, JSON.stringify(awInfo, null, 2));
            console.log('Generated aw_info.json at:', tmpPath);
            console.log(JSON.stringify(awInfo, null, 2));
            
            // Add agentic workflow run information to step summary
            core.summary
              .addRaw('## Agentic Run Information\n\n')
              .addRaw('```json\n')
              .addRaw(JSON.stringify(awInfo, null, 2))
              .addRaw('\n```\n')
              .write();
      - name: Upload agentic run info
        if: always()
        uses: actions/upload-artifact@v4
        with:
          name: aw_info.json
          path: /tmp/aw_info.json
          if-no-files-found: warn
      - name: Run Codex
        run: |
          set -o pipefail
          INSTRUCTION=$(cat /tmp/aw-prompts/prompt.txt)
          export CODEX_HOME=/tmp/mcp-config
          
          # Create log directory outside git repo
          mkdir -p /tmp/aw-logs
          
          # where is Codex
          which codex
          
          # Check Codex version
          codex --version
          
          # Authenticate with Codex
          codex login --api-key "$OPENAI_API_KEY"
          
          # Run codex with log capture - pipefail ensures codex exit code is preserved
          codex --full-auto exec --dangerously-bypass-approvals-and-sandbox "$INSTRUCTION" 2>&1 | tee /tmp/test-claude-safe-jobs.log
        env:
          GITHUB_AW_MCP_CONFIG: /tmp/mcp-config/config.toml
          GITHUB_AW_PROMPT: /tmp/aw-prompts/prompt.txt
          GITHUB_STEP_SUMMARY: ${{ env.GITHUB_STEP_SUMMARY }}
          OPENAI_API_KEY: ${{ secrets.OPENAI_API_KEY }}
      - name: Upload MCP logs
        if: always()
        uses: actions/upload-artifact@v4
        with:
          name: mcp-logs
          path: /tmp/mcp-logs/
          if-no-files-found: ignore
      - name: Parse agent logs for step summary
        if: always()
        uses: actions/github-script@v8
        env:
          GITHUB_AW_AGENT_OUTPUT: /tmp/test-claude-safe-jobs.log
        with:
          script: |
            function main() {
              const fs = require("fs");
              try {
                const logFile = process.env.GITHUB_AW_AGENT_OUTPUT;
                if (!logFile) {
                  core.info("No agent log file specified");
                  return;
                }
                if (!fs.existsSync(logFile)) {
                  core.info(`Log file not found: ${logFile}`);
                  return;
                }
                const content = fs.readFileSync(logFile, "utf8");
                const parsedLog = parseCodexLog(content);
                if (parsedLog) {
                  core.summary.addRaw(parsedLog).write();
                  core.info("Codex log parsed successfully");
                } else {
                  core.error("Failed to parse Codex log");
                }
              } catch (error) {
                core.setFailed(error instanceof Error ? error : String(error));
              }
            }
            function parseCodexLog(logContent) {
              try {
                const lines = logContent.split("\n");
                let markdown = "## 🤖 Commands and Tools\n\n";
                const commandSummary = [];
                for (let i = 0; i < lines.length; i++) {
                  const line = lines[i];
                  if (line.includes("] tool ") && line.includes("(")) {
                    const toolMatch = line.match(/\] tool ([^(]+)\(/);
                    if (toolMatch) {
                      const toolName = toolMatch[1];
                      let statusIcon = "❓"; 
                      for (let j = i + 1; j < Math.min(i + 5, lines.length); j++) {
                        const nextLine = lines[j];
                        if (nextLine.includes("success in")) {
                          statusIcon = "✅";
                          break;
                        } else if (nextLine.includes("failure in") || nextLine.includes("error in") || nextLine.includes("failed in")) {
                          statusIcon = "❌";
                          break;
                        }
                      }
                      if (toolName.includes(".")) {
                        const parts = toolName.split(".");
                        const provider = parts[0];
                        const method = parts.slice(1).join("_");
                        commandSummary.push(`* ${statusIcon} \`${provider}::${method}(...)\``);
                      } else {
                        commandSummary.push(`* ${statusIcon} \`${toolName}(...)\``);
                      }
                    }
                  } else if (line.includes("] exec ")) {
                    const execMatch = line.match(/exec (.+?) in/);
                    if (execMatch) {
                      const formattedCommand = formatBashCommand(execMatch[1]);
                      let statusIcon = "❓"; 
                      for (let j = i + 1; j < Math.min(i + 5, lines.length); j++) {
                        const nextLine = lines[j];
                        if (nextLine.includes("succeeded in")) {
                          statusIcon = "✅";
                          break;
                        } else if (nextLine.includes("failed in") || nextLine.includes("error")) {
                          statusIcon = "❌";
                          break;
                        }
                      }
                      commandSummary.push(`* ${statusIcon} \`${formattedCommand}\``);
                    }
                  }
                }
                if (commandSummary.length > 0) {
                  for (const cmd of commandSummary) {
                    markdown += `${cmd}\n`;
                  }
                } else {
                  markdown += "No commands or tools used.\n";
                }
                markdown += "\n## 📊 Information\n\n";
                let totalTokens = 0;
                const tokenMatches = logContent.match(/tokens used: (\d+)/g);
                if (tokenMatches) {
                  for (const match of tokenMatches) {
                    const numberMatch = match.match(/(\d+)/);
                    if (numberMatch) {
                      const tokens = parseInt(numberMatch[1]);
                      totalTokens += tokens;
                    }
                  }
                }
                if (totalTokens > 0) {
                  markdown += `**Total Tokens Used:** ${totalTokens.toLocaleString()}\n\n`;
                }
                const toolCalls = (logContent.match(/\] tool /g) || []).length;
                const execCommands = (logContent.match(/\] exec /g) || []).length;
                if (toolCalls > 0) {
                  markdown += `**Tool Calls:** ${toolCalls}\n\n`;
                }
                if (execCommands > 0) {
                  markdown += `**Commands Executed:** ${execCommands}\n\n`;
                }
                markdown += "\n## 🤖 Reasoning\n\n";
                let inThinkingSection = false;
                for (let i = 0; i < lines.length; i++) {
                  const line = lines[i];
                  if (
                    line.includes("OpenAI Codex") ||
                    line.startsWith("--------") ||
                    line.includes("workdir:") ||
                    line.includes("model:") ||
                    line.includes("provider:") ||
                    line.includes("approval:") ||
                    line.includes("sandbox:") ||
                    line.includes("reasoning effort:") ||
                    line.includes("reasoning summaries:") ||
                    line.includes("tokens used:")
                  ) {
                    continue;
                  }
                  if (line.includes("] thinking")) {
                    inThinkingSection = true;
                    continue;
                  }
                  if (line.includes("] tool ") && line.includes("(")) {
                    inThinkingSection = false;
                    const toolMatch = line.match(/\] tool ([^(]+)\(/);
                    if (toolMatch) {
                      const toolName = toolMatch[1];
                      let statusIcon = "❓"; 
                      for (let j = i + 1; j < Math.min(i + 5, lines.length); j++) {
                        const nextLine = lines[j];
                        if (nextLine.includes("success in")) {
                          statusIcon = "✅";
                          break;
                        } else if (nextLine.includes("failure in") || nextLine.includes("error in") || nextLine.includes("failed in")) {
                          statusIcon = "❌";
                          break;
                        }
                      }
                      if (toolName.includes(".")) {
                        const parts = toolName.split(".");
                        const provider = parts[0];
                        const method = parts.slice(1).join("_");
                        markdown += `${statusIcon} ${provider}::${method}(...)\n\n`;
                      } else {
                        markdown += `${statusIcon} ${toolName}(...)\n\n`;
                      }
                    }
                    continue;
                  }
                  if (line.includes("] exec ")) {
                    inThinkingSection = false;
                    const execMatch = line.match(/exec (.+?) in/);
                    if (execMatch) {
                      const formattedCommand = formatBashCommand(execMatch[1]);
                      let statusIcon = "❓"; 
                      for (let j = i + 1; j < Math.min(i + 5, lines.length); j++) {
                        const nextLine = lines[j];
                        if (nextLine.includes("succeeded in")) {
                          statusIcon = "✅";
                          break;
                        } else if (nextLine.includes("failed in") || nextLine.includes("error")) {
                          statusIcon = "❌";
                          break;
                        }
                      }
                      markdown += `${statusIcon} \`${formattedCommand}\`\n\n`;
                    }
                    continue;
                  }
                  if (inThinkingSection && line.trim().length > 20 && !line.startsWith("[2025-")) {
                    const trimmed = line.trim();
                    markdown += `${trimmed}\n\n`;
                  }
                }
                return markdown;
              } catch (error) {
                core.error(`Error parsing Codex log: ${error}`);
                return "## 🤖 Commands and Tools\n\nError parsing log content.\n\n## 🤖 Reasoning\n\nUnable to parse reasoning from log.\n\n";
              }
            }
            function formatBashCommand(command) {
              if (!command) return "";
              let formatted = command
                .replace(/\n/g, " ") 
                .replace(/\r/g, " ") 
                .replace(/\t/g, " ") 
                .replace(/\s+/g, " ") 
                .trim(); 
              formatted = formatted.replace(/`/g, "\\`");
              const maxLength = 80;
              if (formatted.length > maxLength) {
                formatted = formatted.substring(0, maxLength) + "...";
              }
              return formatted;
            }
            function truncateString(str, maxLength) {
              if (!str) return "";
              if (str.length <= maxLength) return str;
              return str.substring(0, maxLength) + "...";
            }
            if (typeof module !== "undefined" && module.exports) {
              module.exports = { parseCodexLog, formatBashCommand, truncateString };
            }
            main();
      - name: Upload agent logs
        if: always()
        uses: actions/upload-artifact@v4
        with:
          name: test-claude-safe-jobs.log
          path: /tmp/test-claude-safe-jobs.log
          if-no-files-found: warn
      - name: Validate agent logs for errors
        if: always()
        uses: actions/github-script@v8
        env:
          GITHUB_AW_AGENT_OUTPUT: /tmp/test-claude-safe-jobs.log
          GITHUB_AW_ERROR_PATTERNS: "[{\"pattern\":\"\\\\[(\\\\d{4}-\\\\d{2}-\\\\d{2}T\\\\d{2}:\\\\d{2}:\\\\d{2})\\\\]\\\\s+stream\\\\s+(error):\\\\s+(.+)\",\"level_group\":2,\"message_group\":3,\"description\":\"Codex stream errors with timestamp\"},{\"pattern\":\"\\\\[(\\\\d{4}-\\\\d{2}-\\\\d{2}T\\\\d{2}:\\\\d{2}:\\\\d{2})\\\\]\\\\s+(ERROR):\\\\s+(.+)\",\"level_group\":2,\"message_group\":3,\"description\":\"Codex ERROR messages with timestamp\"},{\"pattern\":\"\\\\[(\\\\d{4}-\\\\d{2}-\\\\d{2}T\\\\d{2}:\\\\d{2}:\\\\d{2})\\\\]\\\\s+(WARN|WARNING):\\\\s+(.+)\",\"level_group\":2,\"message_group\":3,\"description\":\"Codex warning messages with timestamp\"}]"
        with:
          script: |
            function main() {
              const fs = require("fs");
              try {
                const logFile = process.env.GITHUB_AW_AGENT_OUTPUT;
                if (!logFile) {
                  throw new Error("GITHUB_AW_AGENT_OUTPUT environment variable is required");
                }
                if (!fs.existsSync(logFile)) {
                  throw new Error(`Log file not found: ${logFile}`);
                }
                const patterns = getErrorPatternsFromEnv();
                if (patterns.length === 0) {
                  throw new Error("GITHUB_AW_ERROR_PATTERNS environment variable is required and must contain at least one pattern");
                }
                const content = fs.readFileSync(logFile, "utf8");
                const hasErrors = validateErrors(content, patterns);
                if (hasErrors) {
                  core.setFailed("Errors detected in agent logs - failing workflow step");
                } else {
                  core.info("Error validation completed successfully");
                }
              } catch (error) {
                console.debug(error);
                core.setFailed(`Error validating log: ${error instanceof Error ? error.message : String(error)}`);
              }
            }
            function getErrorPatternsFromEnv() {
              const patternsEnv = process.env.GITHUB_AW_ERROR_PATTERNS;
              if (!patternsEnv) {
                throw new Error("GITHUB_AW_ERROR_PATTERNS environment variable is required");
              }
              try {
                const patterns = JSON.parse(patternsEnv);
                if (!Array.isArray(patterns)) {
                  throw new Error("GITHUB_AW_ERROR_PATTERNS must be a JSON array");
                }
                return patterns;
              } catch (e) {
                throw new Error(`Failed to parse GITHUB_AW_ERROR_PATTERNS as JSON: ${e instanceof Error ? e.message : String(e)}`);
              }
            }
            function validateErrors(logContent, patterns) {
              const lines = logContent.split("\n");
              let hasErrors = false;
              for (const pattern of patterns) {
                const regex = new RegExp(pattern.pattern, "g");
                for (let lineIndex = 0; lineIndex < lines.length; lineIndex++) {
                  const line = lines[lineIndex];
                  let match;
                  while ((match = regex.exec(line)) !== null) {
                    const level = extractLevel(match, pattern);
                    const message = extractMessage(match, pattern, line);
                    const errorMessage = `Line ${lineIndex + 1}: ${message} (Pattern: ${pattern.description || "Unknown pattern"}, Raw log: ${truncateString(line.trim(), 120)})`;
                    if (level.toLowerCase() === "error") {
                      core.error(errorMessage);
                      hasErrors = true;
                    } else {
                      core.warning(errorMessage);
                    }
                  }
                }
              }
              return hasErrors;
            }
            function extractLevel(match, pattern) {
              if (pattern.level_group && pattern.level_group > 0 && match[pattern.level_group]) {
                return match[pattern.level_group];
              }
              const fullMatch = match[0];
              if (fullMatch.toLowerCase().includes("error")) {
                return "error";
              } else if (fullMatch.toLowerCase().includes("warn")) {
                return "warning";
              }
              return "unknown";
            }
            function extractMessage(match, pattern, fullLine) {
              if (pattern.message_group && pattern.message_group > 0 && match[pattern.message_group]) {
                return match[pattern.message_group].trim();
              }
              return match[0] || fullLine.trim();
            }
            function truncateString(str, maxLength) {
              if (!str) return "";
              if (str.length <= maxLength) return str;
              return str.substring(0, maxLength) + "...";
            }
            if (typeof module !== "undefined" && module.exports) {
              module.exports = {
                validateErrors,
                extractLevel,
                extractMessage,
                getErrorPatternsFromEnv,
                truncateString,
              };
            }
            if (typeof module === "undefined" || require.main === module) {
              main();
            }

  print:
    needs: agent
    runs-on: ubuntu-latest
    steps:
      - name: Download agent output artifact
        continue-on-error: true
        uses: actions/download-artifact@v5
        with:
          name: agent_output.json
          path: /tmp/safe-jobs/
      - name: Setup Safe Job Environment Variables
        run: |
          echo "Setting up environment for safe job"
          echo "GITHUB_AW_AGENT_OUTPUT=/tmp/safe-jobs/agent_output.json" >> $GITHUB_ENV
      - name: See artifacts
        run: cd /tmp/safe-jobs && ls -lR
      - name: print message
        run: |
          MESSAGE=$(cat "$GITHUB_AW_AGENT_OUTPUT" | jq -r '.items[] | select(.type == "print") | .message')
          if [ -z "$MESSAGE" ]; then
            echo "Error: message is empty"
            exit 1
          fi
          echo "print: $MESSAGE"
          echo "### Print Step Summary" >> "$GITHUB_STEP_SUMMARY"
          echo "$MESSAGE" >> "$GITHUB_STEP_SUMMARY"

