# This file was automatically generated by gh-aw. DO NOT EDIT.
# To update this file, edit the corresponding .md file and run:
#   gh aw compile
# For more information: https://github.com/githubnext/gh-aw/blob/main/.github/instructions/github-agentic-workflows.instructions.md

name: "Secure Web Research Task"
on:
  pull_request:
    branches:
    - main
    # forks: [] # Fork filtering applied via job conditions
  workflow_dispatch: null

permissions: {}

concurrency:
  group: "gh-aw-${{ github.workflow }}-${{ github.event.pull_request.number || github.ref }}"
  cancel-in-progress: true

run-name: "Secure Web Research Task"

jobs:
  check-membership:
    if: (github.event_name != 'pull_request') || (github.event.pull_request.head.repo.full_name == github.repository)
    runs-on: ubuntu-latest
    outputs:
      error_message: ${{ steps.check-membership.outputs.error_message }}
      is_team_member: ${{ steps.check-membership.outputs.is_team_member }}
      result: ${{ steps.check-membership.outputs.result }}
      user_permission: ${{ steps.check-membership.outputs.user_permission }}
    steps:
      - name: Check team membership for workflow
        id: check-membership
        uses: actions/github-script@v8
        env:
          GITHUB_AW_REQUIRED_ROLES: admin,maintainer
        with:
          script: |
            async function main() {
              const { eventName } = context;
              // skip check for safe events
              const safeEvents = ["workflow_dispatch", "workflow_run", "schedule"];
              if (safeEvents.includes(eventName)) {
                core.info(`✅ Event ${eventName} does not require validation`);
                core.setOutput("is_team_member", "true");
                core.setOutput("result", "safe_event");
                return;
              }
              const actor = context.actor;
              const { owner, repo } = context.repo;
              const requiredPermissionsEnv = process.env.GITHUB_AW_REQUIRED_ROLES;
              const requiredPermissions = requiredPermissionsEnv ? requiredPermissionsEnv.split(",").filter(p => p.trim() !== "") : [];
              if (!requiredPermissions || requiredPermissions.length === 0) {
                core.warning("❌ Configuration error: Required permissions not specified. Contact repository administrator.");
                core.setOutput("is_team_member", "false");
                core.setOutput("result", "config_error");
                core.setOutput("error_message", "Configuration error: Required permissions not specified");
                return;
              }
              // Check if the actor has the required repository permissions
              try {
                core.debug(`Checking if user '${actor}' has required permissions for ${owner}/${repo}`);
                core.debug(`Required permissions: ${requiredPermissions.join(", ")}`);
                const repoPermission = await github.rest.repos.getCollaboratorPermissionLevel({
                  owner: owner,
                  repo: repo,
                  username: actor,
                });
                const permission = repoPermission.data.permission;
                core.debug(`Repository permission level: ${permission}`);
                // Check if user has one of the required permission levels
                for (const requiredPerm of requiredPermissions) {
                  if (permission === requiredPerm || (requiredPerm === "maintainer" && permission === "maintain")) {
                    core.info(`✅ User has ${permission} access to repository`);
                    core.setOutput("is_team_member", "true");
                    core.setOutput("result", "authorized");
                    core.setOutput("user_permission", permission);
                    return;
                  }
                }
                core.warning(`User permission '${permission}' does not meet requirements: ${requiredPermissions.join(", ")}`);
                core.setOutput("is_team_member", "false");
                core.setOutput("result", "insufficient_permissions");
                core.setOutput("user_permission", permission);
                core.setOutput(
                  "error_message",
                  `Access denied: User '${actor}' is not authorized. Required permissions: ${requiredPermissions.join(", ")}`
                );
              } catch (repoError) {
                const errorMessage = repoError instanceof Error ? repoError.message : String(repoError);
                core.warning(`Repository permission check failed: ${errorMessage}`);
                core.setOutput("is_team_member", "false");
                core.setOutput("result", "api_error");
                core.setOutput("error_message", `Repository permission check failed: ${errorMessage}`);
                return;
              }
            }
            await main();

  activation:
    needs: check-membership
    if: >
      (needs.check-membership.outputs.is_team_member == 'true') && ((github.event_name != 'pull_request') ||
      (github.event.pull_request.head.repo.full_name == github.repository))
    runs-on: ubuntu-latest
    steps:
      - run: echo "Activation success"

  agent:
    needs: activation
    runs-on: ubuntu-latest
    permissions:
      contents: read
    steps:
      - name: Checkout repository
        uses: actions/checkout@v5
      - name: Generate Claude Settings
        run: |
          mkdir -p /tmp/.claude
          cat > /tmp/.claude/settings.json << 'EOF'
          {
            "hooks": {
              "PreToolUse": [
                {
                  "matcher": "WebFetch|WebSearch",
                  "hooks": [
                    {
                      "type": "command",
                      "command": ".claude/hooks/network_permissions.py"
                    }
                  ]
                }
              ]
            }
          }
          EOF
      - name: Generate Network Permissions Hook
        run: |
          mkdir -p .claude/hooks
          cat > .claude/hooks/network_permissions.py << 'EOF'
          #!/usr/bin/env python3
          """
          Network permissions validator for Claude Code engine.
          Generated by gh-aw from engine network permissions configuration.
          """
          
          import json
          import sys
          import urllib.parse
          import re
          
          # Domain allow-list (populated during generation)
          ALLOWED_DOMAINS = ["docs.github.com"]
          
          def extract_domain(url_or_query):
              """Extract domain from URL or search query."""
              if not url_or_query:
                  return None
              
              if url_or_query.startswith(('http://', 'https://')):
                  return urllib.parse.urlparse(url_or_query).netloc.lower()
              
              # Check for domain patterns in search queries
              match = re.search(r'site:([a-zA-Z0-9.-]+\.[a-zA-Z]{2,})', url_or_query)
              if match:
                  return match.group(1).lower()
              
              return None
          
          def is_domain_allowed(domain):
              """Check if domain is allowed."""
              if not domain:
                  # If no domain detected, allow only if not under deny-all policy
                  return bool(ALLOWED_DOMAINS)  # False if empty list (deny-all), True if has domains
              
              # Empty allowed domains means deny all
              if not ALLOWED_DOMAINS:
                  return False
              
              for pattern in ALLOWED_DOMAINS:
                  regex = pattern.replace('.', r'\.').replace('*', '.*')
                  if re.match(f'^{regex}$', domain):
                      return True
              return False
          
          # Main logic
          try:
              data = json.load(sys.stdin)
              tool_name = data.get('tool_name', '')
              tool_input = data.get('tool_input', {})
              
              if tool_name not in ['WebFetch', 'WebSearch']:
                  sys.exit(0)  # Allow other tools
              
              target = tool_input.get('url') or tool_input.get('query', '')
              domain = extract_domain(target)
              
              # For WebSearch, apply domain restrictions consistently
              # If no domain detected in search query, check if restrictions are in place
              if tool_name == 'WebSearch' and not domain:
                  # Since this hook is only generated when network permissions are configured,
                  # empty ALLOWED_DOMAINS means deny-all policy
                  if not ALLOWED_DOMAINS:  # Empty list means deny all
                      print(f"Network access blocked: deny-all policy in effect", file=sys.stderr)
                      print(f"No domains are allowed for WebSearch", file=sys.stderr)
                      sys.exit(2)  # Block under deny-all policy
                  else:
                      print(f"Network access blocked for web-search: no specific domain detected", file=sys.stderr)
                      print(f"Allowed domains: {', '.join(ALLOWED_DOMAINS)}", file=sys.stderr)
                      sys.exit(2)  # Block general searches when domain allowlist is configured
              
              if not is_domain_allowed(domain):
                  print(f"Network access blocked for domain: {domain}", file=sys.stderr)
                  print(f"Allowed domains: {', '.join(ALLOWED_DOMAINS)}", file=sys.stderr)
                  sys.exit(2)  # Block with feedback to Claude
              
              sys.exit(0)  # Allow
              
          except Exception as e:
              print(f"Network validation error: {e}", file=sys.stderr)
              sys.exit(2)  # Block on errors
          
          EOF
          chmod +x .claude/hooks/network_permissions.py
      - name: Setup MCPs
        run: |
          mkdir -p /tmp/mcp-config
          cat > /tmp/mcp-config/mcp-servers.json << 'EOF'
          {
            "mcpServers": {
              "github": {
                "command": "docker",
                "args": [
                  "run",
                  "-i",
                  "--rm",
                  "-e",
                  "GITHUB_PERSONAL_ACCESS_TOKEN",
                  "ghcr.io/github/github-mcp-server:sha-09deac4"
                ],
                "env": {
                  "GITHUB_PERSONAL_ACCESS_TOKEN": "${{ secrets.GH_AW_GITHUB_TOKEN || secrets.GITHUB_TOKEN }}"
                }
              }
            }
          }
          EOF
      - name: Create prompt
        env:
          GITHUB_AW_PROMPT: /tmp/aw-prompts/prompt.txt
        run: |
          mkdir -p $(dirname "$GITHUB_AW_PROMPT")
          cat > $GITHUB_AW_PROMPT << 'EOF'
          # Secure Web Research Task
          
          Please research the GitHub API documentation or Stack Overflow and find information about repository topics. Summarize them in a brief report.
          
          EOF
      - name: Print prompt to step summary
        env:
          GITHUB_AW_PROMPT: /tmp/aw-prompts/prompt.txt
        run: |
          echo "## Generated Prompt" >> $GITHUB_STEP_SUMMARY
          echo "" >> $GITHUB_STEP_SUMMARY
          echo '```markdown' >> $GITHUB_STEP_SUMMARY
          cat $GITHUB_AW_PROMPT >> $GITHUB_STEP_SUMMARY
          echo '```' >> $GITHUB_STEP_SUMMARY
      - name: Capture agent version
        run: |
          VERSION_OUTPUT=$(claude --version 2>&1 || echo "unknown")
          # Extract semantic version pattern (e.g., 1.2.3, v1.2.3-beta)
          CLEAN_VERSION=$(echo "$VERSION_OUTPUT" | grep -oE 'v?[0-9]+\.[0-9]+\.[0-9]+(-[a-zA-Z0-9]+)?' | head -n1 || echo "unknown")
          echo "AGENT_VERSION=$CLEAN_VERSION" >> $GITHUB_ENV
          echo "Agent version: $VERSION_OUTPUT"
      - name: Generate agentic run info
        uses: actions/github-script@v8
        with:
          script: |
            const fs = require('fs');
            
            const awInfo = {
              engine_id: "claude",
              engine_name: "Claude Code",
              model: "",
              version: "",
              agent_version: process.env.AGENT_VERSION || "",
              workflow_name: "Secure Web Research Task",
              experimental: false,
              supports_tools_allowlist: true,
              supports_http_transport: true,
              run_id: context.runId,
              run_number: context.runNumber,
              run_attempt: process.env.GITHUB_RUN_ATTEMPT,
              repository: context.repo.owner + '/' + context.repo.repo,
              ref: context.ref,
              sha: context.sha,
              actor: context.actor,
              event_name: context.eventName,
              staged: false,
              created_at: new Date().toISOString()
            };
            
            // Write to /tmp directory to avoid inclusion in PR
            const tmpPath = '/tmp/aw_info.json';
            fs.writeFileSync(tmpPath, JSON.stringify(awInfo, null, 2));
            console.log('Generated aw_info.json at:', tmpPath);
            console.log(JSON.stringify(awInfo, null, 2));
            
            // Add agentic workflow run information to step summary
            core.summary
              .addRaw('## Agentic Run Information\n\n')
              .addRaw('```json\n')
              .addRaw(JSON.stringify(awInfo, null, 2))
              .addRaw('\n```\n')
              .write();
      - name: Upload agentic run info
        if: always()
        uses: actions/upload-artifact@v4
        with:
          name: aw_info.json
          path: /tmp/aw_info.json
          if-no-files-found: warn
      - name: Execute Claude Code CLI
        id: agentic_execution
        # Allowed tools (sorted):
        # - ExitPlanMode
        # - Glob
        # - Grep
        # - LS
        # - NotebookRead
        # - Read
        # - Task
        # - TodoWrite
        # - WebFetch
        # - WebSearch
        # - mcp__github__download_workflow_run_artifact
        # - mcp__github__get_code_scanning_alert
        # - mcp__github__get_commit
        # - mcp__github__get_dependabot_alert
        # - mcp__github__get_discussion
        # - mcp__github__get_discussion_comments
        # - mcp__github__get_file_contents
        # - mcp__github__get_issue
        # - mcp__github__get_issue_comments
        # - mcp__github__get_job_logs
        # - mcp__github__get_latest_release
        # - mcp__github__get_me
        # - mcp__github__get_notification_details
        # - mcp__github__get_pull_request
        # - mcp__github__get_pull_request_comments
        # - mcp__github__get_pull_request_diff
        # - mcp__github__get_pull_request_files
        # - mcp__github__get_pull_request_review_comments
        # - mcp__github__get_pull_request_reviews
        # - mcp__github__get_pull_request_status
        # - mcp__github__get_release_by_tag
        # - mcp__github__get_secret_scanning_alert
        # - mcp__github__get_tag
        # - mcp__github__get_workflow_run
        # - mcp__github__get_workflow_run_logs
        # - mcp__github__get_workflow_run_usage
        # - mcp__github__list_branches
        # - mcp__github__list_code_scanning_alerts
        # - mcp__github__list_commits
        # - mcp__github__list_dependabot_alerts
        # - mcp__github__list_discussion_categories
        # - mcp__github__list_discussions
        # - mcp__github__list_issue_types
        # - mcp__github__list_issues
        # - mcp__github__list_notifications
        # - mcp__github__list_pull_requests
        # - mcp__github__list_releases
        # - mcp__github__list_secret_scanning_alerts
        # - mcp__github__list_starred_repositories
        # - mcp__github__list_sub_issues
        # - mcp__github__list_tags
        # - mcp__github__list_workflow_jobs
        # - mcp__github__list_workflow_run_artifacts
        # - mcp__github__list_workflow_runs
        # - mcp__github__list_workflows
        # - mcp__github__search_code
        # - mcp__github__search_issues
        # - mcp__github__search_orgs
        # - mcp__github__search_pull_requests
        # - mcp__github__search_repositories
        # - mcp__github__search_users
        timeout-minutes: 5
        run: |
          set -o pipefail
          # Execute Claude Code CLI with prompt from file
          npx @anthropic-ai/claude-code@2.0.1 --print --mcp-config /tmp/mcp-config/mcp-servers.json --allowed-tools "ExitPlanMode,Glob,Grep,LS,NotebookRead,Read,Task,TodoWrite,WebFetch,WebSearch,mcp__github__download_workflow_run_artifact,mcp__github__get_code_scanning_alert,mcp__github__get_commit,mcp__github__get_dependabot_alert,mcp__github__get_discussion,mcp__github__get_discussion_comments,mcp__github__get_file_contents,mcp__github__get_issue,mcp__github__get_issue_comments,mcp__github__get_job_logs,mcp__github__get_latest_release,mcp__github__get_me,mcp__github__get_notification_details,mcp__github__get_pull_request,mcp__github__get_pull_request_comments,mcp__github__get_pull_request_diff,mcp__github__get_pull_request_files,mcp__github__get_pull_request_review_comments,mcp__github__get_pull_request_reviews,mcp__github__get_pull_request_status,mcp__github__get_release_by_tag,mcp__github__get_secret_scanning_alert,mcp__github__get_tag,mcp__github__get_workflow_run,mcp__github__get_workflow_run_logs,mcp__github__get_workflow_run_usage,mcp__github__list_branches,mcp__github__list_code_scanning_alerts,mcp__github__list_commits,mcp__github__list_dependabot_alerts,mcp__github__list_discussion_categories,mcp__github__list_discussions,mcp__github__list_issue_types,mcp__github__list_issues,mcp__github__list_notifications,mcp__github__list_pull_requests,mcp__github__list_releases,mcp__github__list_secret_scanning_alerts,mcp__github__list_starred_repositories,mcp__github__list_sub_issues,mcp__github__list_tags,mcp__github__list_workflow_jobs,mcp__github__list_workflow_run_artifacts,mcp__github__list_workflow_runs,mcp__github__list_workflows,mcp__github__search_code,mcp__github__search_issues,mcp__github__search_orgs,mcp__github__search_pull_requests,mcp__github__search_repositories,mcp__github__search_users" --debug --verbose --permission-mode bypassPermissions --output-format json --settings /tmp/.claude/settings.json "$(cat /tmp/aw-prompts/prompt.txt)" 2>&1 | tee /tmp/agent-stdio.log
        env:
          ANTHROPIC_API_KEY: ${{ secrets.ANTHROPIC_API_KEY }}
          DISABLE_TELEMETRY: "1"
          DISABLE_ERROR_REPORTING: "1"
          DISABLE_BUG_COMMAND: "1"
          GITHUB_AW_PROMPT: /tmp/aw-prompts/prompt.txt
          GITHUB_AW_MCP_CONFIG: /tmp/mcp-config/mcp-servers.json
          MCP_TIMEOUT: "60000"
      - name: Print agent log
        if: always()
        run: |
          touch /tmp/agent-stdio.log
          echo "## Agent Log" >> $GITHUB_STEP_SUMMARY
          echo '```markdown' >> $GITHUB_STEP_SUMMARY
          cat /tmp/agent-stdio.log >> $GITHUB_STEP_SUMMARY
          echo '```' >> $GITHUB_STEP_SUMMARY
      - name: Clean up network proxy hook files
        if: always()
        run: |
          rm -rf .claude/hooks/network_permissions.py || true
          rm -rf .claude/hooks || true
          rm -rf .claude || true
      - name: Upload MCP logs
        if: always()
        uses: actions/upload-artifact@v4
        with:
          name: mcp-logs
          path: /tmp/mcp-logs/
          if-no-files-found: ignore
      - name: Parse agent logs for step summary
        if: always()
        uses: actions/github-script@v8
        env:
          GITHUB_AW_AGENT_OUTPUT: /tmp/agent-stdio.log
        with:
          script: |
            function main() {
              const fs = require("fs");
              try {
                const logFile = process.env.GITHUB_AW_AGENT_OUTPUT;
                if (!logFile) {
                  core.info("No agent log file specified");
                  return;
                }
                if (!fs.existsSync(logFile)) {
                  core.info(`Log file not found: ${logFile}`);
                  return;
                }
                const logContent = fs.readFileSync(logFile, "utf8");
                const result = parseClaudeLog(logContent);
                core.summary.addRaw(result.markdown).write();
                if (result.mcpFailures && result.mcpFailures.length > 0) {
                  const failedServers = result.mcpFailures.join(", ");
                  core.setFailed(`MCP server(s) failed to launch: ${failedServers}`);
                }
              } catch (error) {
                const errorMessage = error instanceof Error ? error.message : String(error);
                core.setFailed(errorMessage);
              }
            }
            function parseClaudeLog(logContent) {
              try {
                let logEntries;
                try {
                  logEntries = JSON.parse(logContent);
                  if (!Array.isArray(logEntries)) {
                    throw new Error("Not a JSON array");
                  }
                } catch (jsonArrayError) {
                  logEntries = [];
                  const lines = logContent.split("\n");
                  for (const line of lines) {
                    const trimmedLine = line.trim();
                    if (trimmedLine === "") {
                      continue; 
                    }
                    if (trimmedLine.startsWith("[{")) {
                      try {
                        const arrayEntries = JSON.parse(trimmedLine);
                        if (Array.isArray(arrayEntries)) {
                          logEntries.push(...arrayEntries);
                          continue;
                        }
                      } catch (arrayParseError) {
                        continue;
                      }
                    }
                    if (!trimmedLine.startsWith("{")) {
                      continue;
                    }
                    try {
                      const jsonEntry = JSON.parse(trimmedLine);
                      logEntries.push(jsonEntry);
                    } catch (jsonLineError) {
                      continue;
                    }
                  }
                }
                if (!Array.isArray(logEntries) || logEntries.length === 0) {
                  return {
                    markdown: "## Agent Log Summary\n\nLog format not recognized as Claude JSON array or JSONL.\n",
                    mcpFailures: [],
                  };
                }
                let markdown = "";
                const mcpFailures = [];
                const initEntry = logEntries.find(entry => entry.type === "system" && entry.subtype === "init");
                if (initEntry) {
                  markdown += "## 🚀 Initialization\n\n";
                  const initResult = formatInitializationSummary(initEntry);
                  markdown += initResult.markdown;
                  mcpFailures.push(...initResult.mcpFailures);
                  markdown += "\n";
                }
                markdown += "## 🤖 Commands and Tools\n\n";
                const toolUsePairs = new Map(); 
                const commandSummary = []; 
                for (const entry of logEntries) {
                  if (entry.type === "user" && entry.message?.content) {
                    for (const content of entry.message.content) {
                      if (content.type === "tool_result" && content.tool_use_id) {
                        toolUsePairs.set(content.tool_use_id, content);
                      }
                    }
                  }
                }
                for (const entry of logEntries) {
                  if (entry.type === "assistant" && entry.message?.content) {
                    for (const content of entry.message.content) {
                      if (content.type === "tool_use") {
                        const toolName = content.name;
                        const input = content.input || {};
                        if (["Read", "Write", "Edit", "MultiEdit", "LS", "Grep", "Glob", "TodoWrite"].includes(toolName)) {
                          continue; 
                        }
                        const toolResult = toolUsePairs.get(content.id);
                        let statusIcon = "❓";
                        if (toolResult) {
                          statusIcon = toolResult.is_error === true ? "❌" : "✅";
                        }
                        if (toolName === "Bash") {
                          const formattedCommand = formatBashCommand(input.command || "");
                          commandSummary.push(`* ${statusIcon} \`${formattedCommand}\``);
                        } else if (toolName.startsWith("mcp__")) {
                          const mcpName = formatMcpName(toolName);
                          commandSummary.push(`* ${statusIcon} \`${mcpName}(...)\``);
                        } else {
                          commandSummary.push(`* ${statusIcon} ${toolName}`);
                        }
                      }
                    }
                  }
                }
                if (commandSummary.length > 0) {
                  for (const cmd of commandSummary) {
                    markdown += `${cmd}\n`;
                  }
                } else {
                  markdown += "No commands or tools used.\n";
                }
                markdown += "\n## 📊 Information\n\n";
                const lastEntry = logEntries[logEntries.length - 1];
                if (lastEntry && (lastEntry.num_turns || lastEntry.duration_ms || lastEntry.total_cost_usd || lastEntry.usage)) {
                  if (lastEntry.num_turns) {
                    markdown += `**Turns:** ${lastEntry.num_turns}\n\n`;
                  }
                  if (lastEntry.duration_ms) {
                    const durationSec = Math.round(lastEntry.duration_ms / 1000);
                    const minutes = Math.floor(durationSec / 60);
                    const seconds = durationSec % 60;
                    markdown += `**Duration:** ${minutes}m ${seconds}s\n\n`;
                  }
                  if (lastEntry.total_cost_usd) {
                    markdown += `**Total Cost:** $${lastEntry.total_cost_usd.toFixed(4)}\n\n`;
                  }
                  if (lastEntry.usage) {
                    const usage = lastEntry.usage;
                    if (usage.input_tokens || usage.output_tokens) {
                      markdown += `**Token Usage:**\n`;
                      if (usage.input_tokens) markdown += `- Input: ${usage.input_tokens.toLocaleString()}\n`;
                      if (usage.cache_creation_input_tokens) markdown += `- Cache Creation: ${usage.cache_creation_input_tokens.toLocaleString()}\n`;
                      if (usage.cache_read_input_tokens) markdown += `- Cache Read: ${usage.cache_read_input_tokens.toLocaleString()}\n`;
                      if (usage.output_tokens) markdown += `- Output: ${usage.output_tokens.toLocaleString()}\n`;
                      markdown += "\n";
                    }
                  }
                  if (lastEntry.permission_denials && lastEntry.permission_denials.length > 0) {
                    markdown += `**Permission Denials:** ${lastEntry.permission_denials.length}\n\n`;
                  }
                }
                markdown += "\n## 🤖 Reasoning\n\n";
                for (const entry of logEntries) {
                  if (entry.type === "assistant" && entry.message?.content) {
                    for (const content of entry.message.content) {
                      if (content.type === "text" && content.text) {
                        const text = content.text.trim();
                        if (text && text.length > 0) {
                          markdown += text + "\n\n";
                        }
                      } else if (content.type === "tool_use") {
                        const toolResult = toolUsePairs.get(content.id);
                        const toolMarkdown = formatToolUse(content, toolResult);
                        if (toolMarkdown) {
                          markdown += toolMarkdown;
                        }
                      }
                    }
                  }
                }
                return { markdown, mcpFailures };
              } catch (error) {
                const errorMessage = error instanceof Error ? error.message : String(error);
                return {
                  markdown: `## Agent Log Summary\n\nError parsing Claude log (tried both JSON array and JSONL formats): ${errorMessage}\n`,
                  mcpFailures: [],
                };
              }
            }
            function formatInitializationSummary(initEntry) {
              let markdown = "";
              const mcpFailures = [];
              if (initEntry.model) {
                markdown += `**Model:** ${initEntry.model}\n\n`;
              }
              if (initEntry.session_id) {
                markdown += `**Session ID:** ${initEntry.session_id}\n\n`;
              }
              if (initEntry.cwd) {
                const cleanCwd = initEntry.cwd.replace(/^\/home\/runner\/work\/[^\/]+\/[^\/]+/, ".");
                markdown += `**Working Directory:** ${cleanCwd}\n\n`;
              }
              if (initEntry.mcp_servers && Array.isArray(initEntry.mcp_servers)) {
                markdown += "**MCP Servers:**\n";
                for (const server of initEntry.mcp_servers) {
                  const statusIcon = server.status === "connected" ? "✅" : server.status === "failed" ? "❌" : "❓";
                  markdown += `- ${statusIcon} ${server.name} (${server.status})\n`;
                  if (server.status === "failed") {
                    mcpFailures.push(server.name);
                  }
                }
                markdown += "\n";
              }
              if (initEntry.tools && Array.isArray(initEntry.tools)) {
                markdown += "**Available Tools:**\n";
                const categories = {
                  Core: [],
                  "File Operations": [],
                  "Git/GitHub": [],
                  MCP: [],
                  Other: [],
                };
                for (const tool of initEntry.tools) {
                  if (["Task", "Bash", "BashOutput", "KillBash", "ExitPlanMode"].includes(tool)) {
                    categories["Core"].push(tool);
                  } else if (["Read", "Edit", "MultiEdit", "Write", "LS", "Grep", "Glob", "NotebookEdit"].includes(tool)) {
                    categories["File Operations"].push(tool);
                  } else if (tool.startsWith("mcp__github__")) {
                    categories["Git/GitHub"].push(formatMcpName(tool));
                  } else if (tool.startsWith("mcp__") || ["ListMcpResourcesTool", "ReadMcpResourceTool"].includes(tool)) {
                    categories["MCP"].push(tool.startsWith("mcp__") ? formatMcpName(tool) : tool);
                  } else {
                    categories["Other"].push(tool);
                  }
                }
                for (const [category, tools] of Object.entries(categories)) {
                  if (tools.length > 0) {
                    markdown += `- **${category}:** ${tools.length} tools\n`;
                    if (tools.length <= 5) {
                      markdown += `  - ${tools.join(", ")}\n`;
                    } else {
                      markdown += `  - ${tools.slice(0, 3).join(", ")}, and ${tools.length - 3} more\n`;
                    }
                  }
                }
                markdown += "\n";
              }
              if (initEntry.slash_commands && Array.isArray(initEntry.slash_commands)) {
                const commandCount = initEntry.slash_commands.length;
                markdown += `**Slash Commands:** ${commandCount} available\n`;
                if (commandCount <= 10) {
                  markdown += `- ${initEntry.slash_commands.join(", ")}\n`;
                } else {
                  markdown += `- ${initEntry.slash_commands.slice(0, 5).join(", ")}, and ${commandCount - 5} more\n`;
                }
                markdown += "\n";
              }
              return { markdown, mcpFailures };
            }
            function formatToolUse(toolUse, toolResult) {
              const toolName = toolUse.name;
              const input = toolUse.input || {};
              if (toolName === "TodoWrite") {
                return ""; 
              }
              function getStatusIcon() {
                if (toolResult) {
                  return toolResult.is_error === true ? "❌" : "✅";
                }
                return "❓"; 
              }
              let markdown = "";
              const statusIcon = getStatusIcon();
              switch (toolName) {
                case "Bash":
                  const command = input.command || "";
                  const description = input.description || "";
                  const formattedCommand = formatBashCommand(command);
                  if (description) {
                    markdown += `${description}:\n\n`;
                  }
                  markdown += `${statusIcon} \`${formattedCommand}\`\n\n`;
                  break;
                case "Read":
                  const filePath = input.file_path || input.path || "";
                  const relativePath = filePath.replace(/^\/[^\/]*\/[^\/]*\/[^\/]*\/[^\/]*\//, ""); 
                  markdown += `${statusIcon} Read \`${relativePath}\`\n\n`;
                  break;
                case "Write":
                case "Edit":
                case "MultiEdit":
                  const writeFilePath = input.file_path || input.path || "";
                  const writeRelativePath = writeFilePath.replace(/^\/[^\/]*\/[^\/]*\/[^\/]*\/[^\/]*\//, "");
                  markdown += `${statusIcon} Write \`${writeRelativePath}\`\n\n`;
                  break;
                case "Grep":
                case "Glob":
                  const query = input.query || input.pattern || "";
                  markdown += `${statusIcon} Search for \`${truncateString(query, 80)}\`\n\n`;
                  break;
                case "LS":
                  const lsPath = input.path || "";
                  const lsRelativePath = lsPath.replace(/^\/[^\/]*\/[^\/]*\/[^\/]*\/[^\/]*\//, "");
                  markdown += `${statusIcon} LS: ${lsRelativePath || lsPath}\n\n`;
                  break;
                default:
                  if (toolName.startsWith("mcp__")) {
                    const mcpName = formatMcpName(toolName);
                    const params = formatMcpParameters(input);
                    markdown += `${statusIcon} ${mcpName}(${params})\n\n`;
                  } else {
                    const keys = Object.keys(input);
                    if (keys.length > 0) {
                      const mainParam = keys.find(k => ["query", "command", "path", "file_path", "content"].includes(k)) || keys[0];
                      const value = String(input[mainParam] || "");
                      if (value) {
                        markdown += `${statusIcon} ${toolName}: ${truncateString(value, 100)}\n\n`;
                      } else {
                        markdown += `${statusIcon} ${toolName}\n\n`;
                      }
                    } else {
                      markdown += `${statusIcon} ${toolName}\n\n`;
                    }
                  }
              }
              return markdown;
            }
            function formatMcpName(toolName) {
              if (toolName.startsWith("mcp__")) {
                const parts = toolName.split("__");
                if (parts.length >= 3) {
                  const provider = parts[1]; 
                  const method = parts.slice(2).join("_"); 
                  return `${provider}::${method}`;
                }
              }
              return toolName;
            }
            function formatMcpParameters(input) {
              const keys = Object.keys(input);
              if (keys.length === 0) return "";
              const paramStrs = [];
              for (const key of keys.slice(0, 4)) {
                const value = String(input[key] || "");
                paramStrs.push(`${key}: ${truncateString(value, 40)}`);
              }
              if (keys.length > 4) {
                paramStrs.push("...");
              }
              return paramStrs.join(", ");
            }
            function formatBashCommand(command) {
              if (!command) return "";
              let formatted = command
                .replace(/\n/g, " ") 
                .replace(/\r/g, " ") 
                .replace(/\t/g, " ") 
                .replace(/\s+/g, " ") 
                .trim(); 
              formatted = formatted.replace(/`/g, "\\`");
              const maxLength = 80;
              if (formatted.length > maxLength) {
                formatted = formatted.substring(0, maxLength) + "...";
              }
              return formatted;
            }
            function truncateString(str, maxLength) {
              if (!str) return "";
              if (str.length <= maxLength) return str;
              return str.substring(0, maxLength) + "...";
            }
            if (typeof module !== "undefined" && module.exports) {
              module.exports = {
                parseClaudeLog,
                formatToolUse,
                formatInitializationSummary,
                formatBashCommand,
                truncateString,
              };
            }
            main();
      - name: Upload Agent Stdio
        if: always()
        uses: actions/upload-artifact@v4
        with:
          name: agent-stdio.log
          path: /tmp/agent-stdio.log
          if-no-files-found: warn
      - name: Validate agent logs for errors
        if: always()
        uses: actions/github-script@v8
        env:
          GITHUB_AW_AGENT_OUTPUT: /tmp/agent-stdio.log
          GITHUB_AW_ERROR_PATTERNS: "[{\"pattern\":\"access denied.*only authorized.*can trigger.*workflow\",\"level_group\":0,\"message_group\":0,\"description\":\"Permission denied - workflow access restriction\"},{\"pattern\":\"access denied.*user.*not authorized\",\"level_group\":0,\"message_group\":0,\"description\":\"Permission denied - user not authorized\"},{\"pattern\":\"repository permission check failed\",\"level_group\":0,\"message_group\":0,\"description\":\"Repository permission check failure\"},{\"pattern\":\"configuration error.*required permissions not specified\",\"level_group\":0,\"message_group\":0,\"description\":\"Configuration error - missing permissions\"},{\"pattern\":\"permission.*denied\",\"level_group\":0,\"message_group\":0,\"description\":\"Generic permission denied error\"},{\"pattern\":\"unauthorized\",\"level_group\":0,\"message_group\":0,\"description\":\"Unauthorized access error\"},{\"pattern\":\"forbidden\",\"level_group\":0,\"message_group\":0,\"description\":\"Forbidden access error\"},{\"pattern\":\"access.*restricted\",\"level_group\":0,\"message_group\":0,\"description\":\"Access restricted error\"},{\"pattern\":\"insufficient.*permission\",\"level_group\":0,\"message_group\":0,\"description\":\"Insufficient permissions error\"}]"
        with:
          script: |
            function main() {
              const fs = require("fs");
              try {
                const logFile = process.env.GITHUB_AW_AGENT_OUTPUT;
                if (!logFile) {
                  throw new Error("GITHUB_AW_AGENT_OUTPUT environment variable is required");
                }
                if (!fs.existsSync(logFile)) {
                  throw new Error(`Log file not found: ${logFile}`);
                }
                const patterns = getErrorPatternsFromEnv();
                if (patterns.length === 0) {
                  throw new Error("GITHUB_AW_ERROR_PATTERNS environment variable is required and must contain at least one pattern");
                }
                const content = fs.readFileSync(logFile, "utf8");
                const hasErrors = validateErrors(content, patterns);
                if (hasErrors) {
                  core.setFailed("Errors detected in agent logs - failing workflow step");
                } else {
                  core.info("Error validation completed successfully");
                }
              } catch (error) {
                console.debug(error);
                core.setFailed(`Error validating log: ${error instanceof Error ? error.message : String(error)}`);
              }
            }
            function getErrorPatternsFromEnv() {
              const patternsEnv = process.env.GITHUB_AW_ERROR_PATTERNS;
              if (!patternsEnv) {
                throw new Error("GITHUB_AW_ERROR_PATTERNS environment variable is required");
              }
              try {
                const patterns = JSON.parse(patternsEnv);
                if (!Array.isArray(patterns)) {
                  throw new Error("GITHUB_AW_ERROR_PATTERNS must be a JSON array");
                }
                return patterns;
              } catch (e) {
                throw new Error(`Failed to parse GITHUB_AW_ERROR_PATTERNS as JSON: ${e instanceof Error ? e.message : String(e)}`);
              }
            }
            function validateErrors(logContent, patterns) {
              const lines = logContent.split("\n");
              let hasErrors = false;
              for (const pattern of patterns) {
                let regex;
                try {
                  regex = new RegExp(pattern.pattern, "g");
                } catch (e) {
                  core.error(`invalid error regex pattern: ${pattern.pattern}`);
                  continue;
                }
                for (let lineIndex = 0; lineIndex < lines.length; lineIndex++) {
                  const line = lines[lineIndex];
                  let match;
                  while ((match = regex.exec(line)) !== null) {
                    const level = extractLevel(match, pattern);
                    const message = extractMessage(match, pattern, line);
                    const errorMessage = `Line ${lineIndex + 1}: ${message} (Pattern: ${pattern.description || "Unknown pattern"}, Raw log: ${truncateString(line.trim(), 120)})`;
                    if (level.toLowerCase() === "error") {
                      core.error(errorMessage);
                      hasErrors = true;
                    } else {
                      core.warning(errorMessage);
                    }
                  }
                }
              }
              return hasErrors;
            }
            function extractLevel(match, pattern) {
              if (pattern.level_group && pattern.level_group > 0 && match[pattern.level_group]) {
                return match[pattern.level_group];
              }
              const fullMatch = match[0];
              if (fullMatch.toLowerCase().includes("error")) {
                return "error";
              } else if (fullMatch.toLowerCase().includes("warn")) {
                return "warning";
              }
              return "unknown";
            }
            function extractMessage(match, pattern, fullLine) {
              if (pattern.message_group && pattern.message_group > 0 && match[pattern.message_group]) {
                return match[pattern.message_group].trim();
              }
              return match[0] || fullLine.trim();
            }
            function truncateString(str, maxLength) {
              if (!str) return "";
              if (str.length <= maxLength) return str;
              return str.substring(0, maxLength) + "...";
            }
            if (typeof module !== "undefined" && module.exports) {
              module.exports = {
                validateErrors,
                extractLevel,
                extractMessage,
                getErrorPatternsFromEnv,
                truncateString,
              };
            }
            if (typeof module === "undefined" || require.main === module) {
              main();
            }

